<Solution>
  <Folder Name="/IT.WebServices/">
    <Project Path="../../IT.WebServices/Authentication/Shared/IT.WebServices.Authentication.Shared.csproj" />
    <Project Path="../../IT.WebServices/Clients/IT.WebServices.Clients.csproj" />
    <Project Path="../../IT.WebServices/Fragments/IT.WebServices.Fragments.csproj" />
  </Folder>
  <Project Path="Admin/Admin.csproj" />
  <Project Path="Core/Core.csproj" Id="8b34f572-4670-4eaf-b826-5c1ae59ecf0e" />
</Solution>
