Microsoft Visual Studio Solution File, Format Version 12.00
# Visual Studio Version 17
VisualStudioVersion = 17.5.2.0
MinimumVisualStudioVersion = 10.0.40219.1
Project("{FAE04EC0-301F-11D3-BF4B-00C04F79EFBC}") = "IT.WebHost.App", "IT.WebHost.App.csproj", "{2B265518-1F85-290B-21A9-E13942FBF91A}"
EndProject
Global
	GlobalSection(SolutionConfigurationPlatforms) = preSolution
		Debug|Any CPU = Debug|Any CPU
		Release|Any CPU = Release|Any CPU
	EndGlobalSection
	GlobalSection(ProjectConfigurationPlatforms) = postSolution
		{2B265518-1F85-290B-21A9-E13942FBF91A}.Debug|Any CPU.ActiveCfg = Debug|Any CPU
		{2B265518-1F85-290B-21A9-E13942FBF91A}.Debug|Any CPU.Build.0 = Debug|Any CPU
		{2B265518-1F85-290B-21A9-E13942FBF91A}.Release|Any CPU.ActiveCfg = Release|Any CPU
		{2B265518-1F85-290B-21A9-E13942FBF91A}.Release|Any CPU.Build.0 = Release|Any CPU
	EndGlobalSection
	GlobalSection(SolutionProperties) = preSolution
		HideSolutionNode = FALSE
	EndGlobalSection
	GlobalSection(ExtensibilityGlobals) = postSolution
		SolutionGuid = {4DEB1B32-8F2D-44C7-AB8D-97676DF88610}
	EndGlobalSection
EndGlobal
